
Microsoft Visual Studio Solution File, Format Version 12.00
# Visual Studio Version 16
VisualStudioVersion = 16.0.29430.225
MinimumVisualStudioVersion = 15.0.26124.0
Project("{FAE04EC0-301F-11D3-BF4B-00C04F79EFBC}") = "HyperCore.WebUi", "HyperCore.WebUi\HyperCore.WebUi.csproj", "{45BF0187-219F-40A9-81DB-8168BE3FA8EA}"
EndProject
Global
	GlobalSection(SolutionConfigurationPlatforms) = preSolution
		Debug|Any CPU = Debug|Any CPU
		Release|Any CPU = Release|Any CPU
	EndGlobalSection
	GlobalSection(ProjectConfigurationPlatforms) = postSolution
		{45BF0187-219F-40A9-81DB-8168BE3FA8EA}.Debug|Any CPU.ActiveCfg = Debug|Any CPU
		{45BF0187-219F-40A9-81DB-8168BE3FA8EA}.Debug|Any CPU.Build.0 = Debug|Any CPU
		{45BF0187-219F-40A9-81DB-8168BE3FA8EA}.Release|Any CPU.ActiveCfg = Release|Any CPU
		{45BF0187-219F-40A9-81DB-8168BE3FA8EA}.Release|Any CPU.Build.0 = Release|Any CPU
	EndGlobalSection
	GlobalSection(SolutionProperties) = preSolution
		HideSolutionNode = FALSE
	EndGlobalSection
	GlobalSection(ExtensibilityGlobals) = postSolution
		SolutionGuid = {CCF6A7DA-3EF2-4337-AFD1-DA4408D408DB}
	EndGlobalSection
EndGlobal
